
Microsoft Visual Studio Solution File, Format Version 12.00
# Visual Studio Version 17
VisualStudioVersion = 17.2.32630.192
MinimumVisualStudioVersion = 10.0.40219.1
Project("{8BC9CEB8-8B4A-11D0-8D11-00A0C91BC942}") = "epe2d", "epe2d\epe2d.vcxproj", "{C70BE305-B8F1-4108-9F1E-0CDE6E5F5E33}"
EndProject
Project("{8BC9CEB8-8B4A-11D0-8D11-00A0C91BC942}") = "TestProject", "TestProject\TestProject.vcxproj", "{DAA5EC56-3DB3-4267-8923-3E6FBD9554AB}"
EndProject
Global
	GlobalSection(SolutionConfigurationPlatforms) = preSolution
		Debug|x64 = Debug|x64
		Debug|x86 = Debug|x86
		Release|x64 = Release|x64
		Release|x86 = Release|x86
	EndGlobalSection
	GlobalSection(ProjectConfigurationPlatforms) = postSolution
		{C70BE305-B8F1-4108-9F1E-0CDE6E5F5E33}.Debug|x64.ActiveCfg = Debug|x64
		{C70BE305-B8F1-4108-9F1E-0CDE6E5F5E33}.Debug|x64.Build.0 = Debug|x64
		{C70BE305-B8F1-4108-9F1E-0CDE6E5F5E33}.Debug|x86.ActiveCfg = Debug|Win32
		{C70BE305-B8F1-4108-9F1E-0CDE6E5F5E33}.Debug|x86.Build.0 = Debug|Win32
		{C70BE305-B8F1-4108-9F1E-0CDE6E5F5E33}.Release|x64.ActiveCfg = Release|x64
		{C70BE305-B8F1-4108-9F1E-0CDE6E5F5E33}.Release|x64.Build.0 = Release|x64
		{C70BE305-B8F1-4108-9F1E-0CDE6E5F5E33}.Release|x86.ActiveCfg = Release|Win32
		{C70BE305-B8F1-4108-9F1E-0CDE6E5F5E33}.Release|x86.Build.0 = Release|Win32
		{DAA5EC56-3DB3-4267-8923-3E6FBD9554AB}.Debug|x64.ActiveCfg = Debug|x64
		{DAA5EC56-3DB3-4267-8923-3E6FBD9554AB}.Debug|x64.Build.0 = Debug|x64
		{DAA5EC56-3DB3-4267-8923-3E6FBD9554AB}.Debug|x86.ActiveCfg = Debug|Win32
		{DAA5EC56-3DB3-4267-8923-3E6FBD9554AB}.Debug|x86.Build.0 = Debug|Win32
		{DAA5EC56-3DB3-4267-8923-3E6FBD9554AB}.Release|x64.ActiveCfg = Release|x64
		{DAA5EC56-3DB3-4267-8923-3E6FBD9554AB}.Release|x64.Build.0 = Release|x64
		{DAA5EC56-3DB3-4267-8923-3E6FBD9554AB}.Release|x86.ActiveCfg = Release|Win32
		{DAA5EC56-3DB3-4267-8923-3E6FBD9554AB}.Release|x86.Build.0 = Release|Win32
	EndGlobalSection
	GlobalSection(SolutionProperties) = preSolution
		HideSolutionNode = FALSE
	EndGlobalSection
	GlobalSection(ExtensibilityGlobals) = postSolution
		SolutionGuid = {765D9D2C-C6D3-43AC-BC4E-68EE6BA80ED7}
	EndGlobalSection
EndGlobal
